
Microsoft Visual Studio Solution File, Format Version 12.00
Project("{FAE04EC0-301F-11D3-BF4B-00C04F79EFBC}") = "Benchmark", "Benchmark\Benchmark.csproj", "{D9A025F1-198F-4232-8356-51864B0502DD}"
EndProject
Project("{FAE04EC0-301F-11D3-BF4B-00C04F79EFBC}") = "Masa.Collection", "Masa.Collection\Masa.Collection.csproj", "{4E3C3636-6FAC-456E-8040-B0173D49A442}"
EndProject
Global
	GlobalSection(SolutionConfigurationPlatforms) = preSolution
		Debug|Any CPU = Debug|Any CPU
		Release|Any CPU = Release|Any CPU
	EndGlobalSection
	GlobalSection(ProjectConfigurationPlatforms) = postSolution
		{D9A025F1-198F-4232-8356-51864B0502DD}.Debug|Any CPU.ActiveCfg = Debug|Any CPU
		{D9A025F1-198F-4232-8356-51864B0502DD}.Debug|Any CPU.Build.0 = Debug|Any CPU
		{D9A025F1-198F-4232-8356-51864B0502DD}.Release|Any CPU.ActiveCfg = Release|Any CPU
		{D9A025F1-198F-4232-8356-51864B0502DD}.Release|Any CPU.Build.0 = Release|Any CPU
		{4E3C3636-6FAC-456E-8040-B0173D49A442}.Debug|Any CPU.ActiveCfg = Debug|Any CPU
		{4E3C3636-6FAC-456E-8040-B0173D49A442}.Debug|Any CPU.Build.0 = Debug|Any CPU
		{4E3C3636-6FAC-456E-8040-B0173D49A442}.Release|Any CPU.ActiveCfg = Release|Any CPU
		{4E3C3636-6FAC-456E-8040-B0173D49A442}.Release|Any CPU.Build.0 = Release|Any CPU
	EndGlobalSection
EndGlobal
